
Microsoft Visual Studio Solution File, Format Version 12.00
# Visual Studio Version 17
VisualStudioVersion = 17.14.36429.23 d17.14
MinimumVisualStudioVersion = 10.0.40219.1
Project("{FAE04EC0-301F-11D3-BF4B-00C04F79EFBC}") = "Modpack-Installer", "Modpack-Installer\Modpack-Installer.csproj", "{6FF118B7-406A-4039-8C21-6753DA8C94CD}"
EndProject
Global
	GlobalSection(SolutionConfigurationPlatforms) = preSolution
		Debug|Any CPU = Debug|Any CPU
		Release|Any CPU = Release|Any CPU
	EndGlobalSection
	GlobalSection(ProjectConfigurationPlatforms) = postSolution
		{6FF118B7-406A-4039-8C21-6753DA8C94CD}.Debug|Any CPU.ActiveCfg = Debug|Any CPU
		{6FF118B7-406A-4039-8C21-6753DA8C94CD}.Debug|Any CPU.Build.0 = Debug|Any CPU
		{6FF118B7-406A-4039-8C21-6753DA8C94CD}.Release|Any CPU.ActiveCfg = Release|Any CPU
		{6FF118B7-406A-4039-8C21-6753DA8C94CD}.Release|Any CPU.Build.0 = Release|Any CPU
	EndGlobalSection
	GlobalSection(SolutionProperties) = preSolution
		HideSolutionNode = FALSE
	EndGlobalSection
	GlobalSection(ExtensibilityGlobals) = postSolution
		SolutionGuid = {73296333-ABC3-43BB-9A79-ECA07E7F6DB3}
	EndGlobalSection
EndGlobal
